
Microsoft Visual Studio Solution File, Format Version 12.00
# Visual Studio Version 16
VisualStudioVersion = 16.0.33927.289
MinimumVisualStudioVersion = 10.0.40219.1
Project("{FAE04EC0-301F-11D3-BF4B-00C04F79EFBC}") = "WpfTests", "WpfTests.csproj", "{1FF1BFA5-2468-4ED0-9DE2-97617407E9BD}"
EndProject
Global
	GlobalSection(SolutionConfigurationPlatforms) = preSolution
		Debug|Any CPU = Debug|Any CPU
		Release|Any CPU = Release|Any CPU
	EndGlobalSection
	GlobalSection(ProjectConfigurationPlatforms) = postSolution
		{1FF1BFA5-2468-4ED0-9DE2-97617407E9BD}.Debug|Any CPU.ActiveCfg = Debug|Any CPU
		{1FF1BFA5-2468-4ED0-9DE2-97617407E9BD}.Debug|Any CPU.Build.0 = Debug|Any CPU
		{1FF1BFA5-2468-4ED0-9DE2-97617407E9BD}.Release|Any CPU.ActiveCfg = Release|Any CPU
		{1FF1BFA5-2468-4ED0-9DE2-97617407E9BD}.Release|Any CPU.Build.0 = Release|Any CPU
	EndGlobalSection
	GlobalSection(SolutionProperties) = preSolution
		HideSolutionNode = FALSE
	EndGlobalSection
	GlobalSection(ExtensibilityGlobals) = postSolution
		SolutionGuid = {585A49F9-B6B3-4CEF-8789-C3F90115EDD1}
	EndGlobalSection
EndGlobal
